
Microsoft Visual Studio Solution File, Format Version 12.00
# Visual Studio Version 17
VisualStudioVersion = 17.10.34928.147
MinimumVisualStudioVersion = 10.0.40219.1
Project("{FAE04EC0-301F-11D3-BF4B-00C04F79EFBC}") = "Keylogger", "Keylogger\Keylogger.csproj", "{7E2377FA-4F7C-4A8C-8772-56BA86ED0FA8}"
EndProject
Global
	GlobalSection(SolutionConfigurationPlatforms) = preSolution
		Debug|Any CPU = Debug|Any CPU
		Release|Any CPU = Release|Any CPU
	EndGlobalSection
	GlobalSection(ProjectConfigurationPlatforms) = postSolution
		{7E2377FA-4F7C-4A8C-8772-56BA86ED0FA8}.Debug|Any CPU.ActiveCfg = Debug|Any CPU
		{7E2377FA-4F7C-4A8C-8772-56BA86ED0FA8}.Debug|Any CPU.Build.0 = Debug|Any CPU
		{7E2377FA-4F7C-4A8C-8772-56BA86ED0FA8}.Release|Any CPU.ActiveCfg = Release|Any CPU
		{7E2377FA-4F7C-4A8C-8772-56BA86ED0FA8}.Release|Any CPU.Build.0 = Release|Any CPU
	EndGlobalSection
	GlobalSection(SolutionProperties) = preSolution
		HideSolutionNode = FALSE
	EndGlobalSection
	GlobalSection(ExtensibilityGlobals) = postSolution
		SolutionGuid = {0B188F1D-C5F2-4FB4-99B5-0BC247EA8170}
	EndGlobalSection
EndGlobal
